
Microsoft Visual Studio Solution File, Format Version 12.00
# Visual Studio 15
VisualStudioVersion = 15.0.27130.2010
MinimumVisualStudioVersion = 10.0.40219.1
Project("{FAE04EC0-301F-11D3-BF4B-00C04F79EFBC}") = "Client", "Client\Client.csproj", "{C6D2663A-5790-4641-96A6-851A9BA0AC91}"
	ProjectSection(ProjectDependencies) = postProject
		{DAFD5A59-271B-4710-9BB4-57E23E8634E2} = {DAFD5A59-271B-4710-9BB4-57E23E8634E2}
		{9FA1E775-DCA9-424B-9FC5-BE2D2424EAEA} = {9FA1E775-DCA9-424B-9FC5-BE2D2424EAEA}
	EndProjectSection
EndProject
Project("{9A19103F-16F7-4668-BE54-9A1E7A4F7556}") = "Shared", "..\Shared\Shared\Shared.csproj", "{DAFD5A59-271B-4710-9BB4-57E23E8634E2}"
EndProject
Project("{FAE04EC0-301F-11D3-BF4B-00C04F79EFBC}") = "RestClient", "RestClient\RestClient.csproj", "{9FA1E775-DCA9-424B-9FC5-BE2D2424EAEA}"
EndProject
Project("{FAE04EC0-301F-11D3-BF4B-00C04F79EFBC}") = "Common", "Common\Common.csproj", "{F3BBB837-E0B0-4775-A7DF-F40DFAC61524}"
EndProject
Project("{FAE04EC0-301F-11D3-BF4B-00C04F79EFBC}") = "Tests", "Tests\Tests.csproj", "{18780B3C-02EB-42BB-9C04-0654DDC562FC}"
EndProject
Global
	GlobalSection(SolutionConfigurationPlatforms) = preSolution
		Debug|Any CPU = Debug|Any CPU
		Release|Any CPU = Release|Any CPU
	EndGlobalSection
	GlobalSection(ProjectConfigurationPlatforms) = postSolution
		{C6D2663A-5790-4641-96A6-851A9BA0AC91}.Debug|Any CPU.ActiveCfg = Debug|Any CPU
		{C6D2663A-5790-4641-96A6-851A9BA0AC91}.Debug|Any CPU.Build.0 = Debug|Any CPU
		{C6D2663A-5790-4641-96A6-851A9BA0AC91}.Release|Any CPU.ActiveCfg = Release|Any CPU
		{C6D2663A-5790-4641-96A6-851A9BA0AC91}.Release|Any CPU.Build.0 = Release|Any CPU
		{DAFD5A59-271B-4710-9BB4-57E23E8634E2}.Debug|Any CPU.ActiveCfg = Debug|Any CPU
		{DAFD5A59-271B-4710-9BB4-57E23E8634E2}.Debug|Any CPU.Build.0 = Debug|Any CPU
		{DAFD5A59-271B-4710-9BB4-57E23E8634E2}.Release|Any CPU.ActiveCfg = Release|Any CPU
		{DAFD5A59-271B-4710-9BB4-57E23E8634E2}.Release|Any CPU.Build.0 = Release|Any CPU
		{9FA1E775-DCA9-424B-9FC5-BE2D2424EAEA}.Debug|Any CPU.ActiveCfg = Debug|Any CPU
		{9FA1E775-DCA9-424B-9FC5-BE2D2424EAEA}.Debug|Any CPU.Build.0 = Debug|Any CPU
		{9FA1E775-DCA9-424B-9FC5-BE2D2424EAEA}.Release|Any CPU.ActiveCfg = Release|Any CPU
		{9FA1E775-DCA9-424B-9FC5-BE2D2424EAEA}.Release|Any CPU.Build.0 = Release|Any CPU
		{F3BBB837-E0B0-4775-A7DF-F40DFAC61524}.Debug|Any CPU.ActiveCfg = Debug|Any CPU
		{F3BBB837-E0B0-4775-A7DF-F40DFAC61524}.Debug|Any CPU.Build.0 = Debug|Any CPU
		{F3BBB837-E0B0-4775-A7DF-F40DFAC61524}.Release|Any CPU.ActiveCfg = Release|Any CPU
		{F3BBB837-E0B0-4775-A7DF-F40DFAC61524}.Release|Any CPU.Build.0 = Release|Any CPU
		{18780B3C-02EB-42BB-9C04-0654DDC562FC}.Debug|Any CPU.ActiveCfg = Debug|Any CPU
		{18780B3C-02EB-42BB-9C04-0654DDC562FC}.Debug|Any CPU.Build.0 = Debug|Any CPU
		{18780B3C-02EB-42BB-9C04-0654DDC562FC}.Release|Any CPU.ActiveCfg = Release|Any CPU
		{18780B3C-02EB-42BB-9C04-0654DDC562FC}.Release|Any CPU.Build.0 = Release|Any CPU
	EndGlobalSection
	GlobalSection(SolutionProperties) = preSolution
		HideSolutionNode = FALSE
	EndGlobalSection
	GlobalSection(ExtensibilityGlobals) = postSolution
		SolutionGuid = {761E93BB-34B0-483D-ABA9-5EC7B457CD23}
	EndGlobalSection
EndGlobal
